
Microsoft Visual Studio Solution File, Format Version 12.00
# Visual Studio 15
VisualStudioVersion = 15.0.27428.2037
MinimumVisualStudioVersion = 10.0.40219.1
Project("{FAE04EC0-301F-11D3-BF4B-00C04F79EFBC}") = "AdsCom", "D:\backup Projects\AdsCom\AdsCom\AdsCom.csproj", "{8DE9290B-31F7-4D35-9B91-E8328CDE6F4B}"
EndProject
Global
	GlobalSection(SolutionConfigurationPlatforms) = preSolution
		Debug|Any CPU = Debug|Any CPU
		Release|Any CPU = Release|Any CPU
	EndGlobalSection
	GlobalSection(ProjectConfigurationPlatforms) = postSolution
		{8DE9290B-31F7-4D35-9B91-E8328CDE6F4B}.Debug|Any CPU.ActiveCfg = Debug|Any CPU
		{8DE9290B-31F7-4D35-9B91-E8328CDE6F4B}.Debug|Any CPU.Build.0 = Debug|Any CPU
		{8DE9290B-31F7-4D35-9B91-E8328CDE6F4B}.Release|Any CPU.ActiveCfg = Release|Any CPU
		{8DE9290B-31F7-4D35-9B91-E8328CDE6F4B}.Release|Any CPU.Build.0 = Release|Any CPU
	EndGlobalSection
	GlobalSection(SolutionProperties) = preSolution
		HideSolutionNode = FALSE
	EndGlobalSection
	GlobalSection(ExtensibilityGlobals) = postSolution
		SolutionGuid = {2EE6E016-DB2C-4F63-BB6F-85E34A336CDC}
	EndGlobalSection
EndGlobal
